
Microsoft Visual Studio Solution File, Format Version 12.00
# Visual Studio 15
VisualStudioVersion = 15.0.27130.2036
MinimumVisualStudioVersion = 10.0.40219.1
Project("{FAE04EC0-301F-11D3-BF4B-00C04F79EFBC}") = "Actividad4U3", "Actividad4U3\Actividad4U3.csproj", "{39B442AC-ABF3-4F3B-967A-BF37731BA8BE}"
EndProject
Global
	GlobalSection(SolutionConfigurationPlatforms) = preSolution
		Debug|Any CPU = Debug|Any CPU
		Release|Any CPU = Release|Any CPU
	EndGlobalSection
	GlobalSection(ProjectConfigurationPlatforms) = postSolution
		{39B442AC-ABF3-4F3B-967A-BF37731BA8BE}.Debug|Any CPU.ActiveCfg = Debug|Any CPU
		{39B442AC-ABF3-4F3B-967A-BF37731BA8BE}.Debug|Any CPU.Build.0 = Debug|Any CPU
		{39B442AC-ABF3-4F3B-967A-BF37731BA8BE}.Release|Any CPU.ActiveCfg = Release|Any CPU
		{39B442AC-ABF3-4F3B-967A-BF37731BA8BE}.Release|Any CPU.Build.0 = Release|Any CPU
	EndGlobalSection
	GlobalSection(SolutionProperties) = preSolution
		HideSolutionNode = FALSE
	EndGlobalSection
	GlobalSection(ExtensibilityGlobals) = postSolution
		SolutionGuid = {68713941-0862-4950-9A49-08FA9EACE01D}
	EndGlobalSection
EndGlobal
