
Microsoft Visual Studio Solution File, Format Version 12.00
# Visual Studio 15
VisualStudioVersion = 15.0.27130.2026
MinimumVisualStudioVersion = 10.0.40219.1
Project("{FAE04EC0-301F-11D3-BF4B-00C04F79EFBC}") = "Actividad3U2", "Actividad3U2\Actividad3U2.csproj", "{9194BC55-6BFB-4FFC-8ECA-F50909003166}"
EndProject
Global
	GlobalSection(SolutionConfigurationPlatforms) = preSolution
		Debug|Any CPU = Debug|Any CPU
		Release|Any CPU = Release|Any CPU
	EndGlobalSection
	GlobalSection(ProjectConfigurationPlatforms) = postSolution
		{9194BC55-6BFB-4FFC-8ECA-F50909003166}.Debug|Any CPU.ActiveCfg = Debug|Any CPU
		{9194BC55-6BFB-4FFC-8ECA-F50909003166}.Debug|Any CPU.Build.0 = Debug|Any CPU
		{9194BC55-6BFB-4FFC-8ECA-F50909003166}.Release|Any CPU.ActiveCfg = Release|Any CPU
		{9194BC55-6BFB-4FFC-8ECA-F50909003166}.Release|Any CPU.Build.0 = Release|Any CPU
	EndGlobalSection
	GlobalSection(SolutionProperties) = preSolution
		HideSolutionNode = FALSE
	EndGlobalSection
	GlobalSection(ExtensibilityGlobals) = postSolution
		SolutionGuid = {39E0AB1C-A1AB-4F0D-96E5-7DF48490F925}
	EndGlobalSection
EndGlobal
